
Microsoft Visual Studio Solution File, Format Version 12.00
# Visual Studio Version 17
VisualStudioVersion = 17.8.34525.116
MinimumVisualStudioVersion = 10.0.40219.1
Project("{FAE04EC0-301F-11D3-BF4B-00C04F79EFBC}") = "Photocenter", "Photocenter\Photocenter.csproj", "{CFAE359C-6D28-4184-BD62-074C65966087}"
EndProject
Global
	GlobalSection(SolutionConfigurationPlatforms) = preSolution
		Debug|Any CPU = Debug|Any CPU
		Release|Any CPU = Release|Any CPU
	EndGlobalSection
	GlobalSection(ProjectConfigurationPlatforms) = postSolution
		{CFAE359C-6D28-4184-BD62-074C65966087}.Debug|Any CPU.ActiveCfg = Debug|Any CPU
		{CFAE359C-6D28-4184-BD62-074C65966087}.Debug|Any CPU.Build.0 = Debug|Any CPU
		{CFAE359C-6D28-4184-BD62-074C65966087}.Release|Any CPU.ActiveCfg = Release|Any CPU
		{CFAE359C-6D28-4184-BD62-074C65966087}.Release|Any CPU.Build.0 = Release|Any CPU
	EndGlobalSection
	GlobalSection(SolutionProperties) = preSolution
		HideSolutionNode = FALSE
	EndGlobalSection
	GlobalSection(ExtensibilityGlobals) = postSolution
		SolutionGuid = {E31A3230-1DD5-43DB-8266-9D6CCB7A5688}
	EndGlobalSection
EndGlobal
